
Microsoft Visual Studio Solution File, Format Version 12.00
# Visual Studio Version 17
VisualStudioVersion = 17.4.33205.214
MinimumVisualStudioVersion = 10.0.40219.1
Project("{FAE04EC0-301F-11D3-BF4B-00C04F79EFBC}") = "PremierLeagueWebScraper", "PremierLeagueWebScraper\PremierLeagueWebScraper.csproj", "{5CC357BA-6360-4693-A4DD-AA07DCF04668}"
EndProject
Global
	GlobalSection(SolutionConfigurationPlatforms) = preSolution
		Debug|Any CPU = Debug|Any CPU
		Release|Any CPU = Release|Any CPU
	EndGlobalSection
	GlobalSection(ProjectConfigurationPlatforms) = postSolution
		{5CC357BA-6360-4693-A4DD-AA07DCF04668}.Debug|Any CPU.ActiveCfg = Debug|Any CPU
		{5CC357BA-6360-4693-A4DD-AA07DCF04668}.Debug|Any CPU.Build.0 = Debug|Any CPU
		{5CC357BA-6360-4693-A4DD-AA07DCF04668}.Release|Any CPU.ActiveCfg = Release|Any CPU
		{5CC357BA-6360-4693-A4DD-AA07DCF04668}.Release|Any CPU.Build.0 = Release|Any CPU
	EndGlobalSection
	GlobalSection(SolutionProperties) = preSolution
		HideSolutionNode = FALSE
	EndGlobalSection
	GlobalSection(ExtensibilityGlobals) = postSolution
		SolutionGuid = {EA0231B8-0F5E-442A-B1FB-72E69183F5AA}
	EndGlobalSection
EndGlobal
